<Solution>
  <Configurations>
    <Platform Name="x64" />
  </Configurations>
  <Project Path="../TrayAppDotNETCommon/src/TrayAppDotNETCommon.csproj">
    <Platform Project="x64" />
  </Project>
  <Project Path="src/NetworkTrayAppDotNET.csproj">
    <Platform Project="x64" />
  </Project>
</Solution>
